
Microsoft Visual Studio Solution File, Format Version 12.00
# Visual Studio Version 16
VisualStudioVersion = 16.0.33927.289
MinimumVisualStudioVersion = 10.0.40219.1
Project("{FAE04EC0-301F-11D3-BF4B-00C04F79EFBC}") = "Project.V10", "Project.V10\Project.V10.csproj", "{C3EC280E-E8B1-4A3B-A1EE-BD0EB4653B66}"
EndProject
Project("{FAE04EC0-301F-11D3-BF4B-00C04F79EFBC}") = "Project.V10.Lib", "Project.V10.Lib\Project.V10.Lib.csproj", "{5484E138-6C13-4310-85BE-AA804196EB1A}"
EndProject
Project("{FAE04EC0-301F-11D3-BF4B-00C04F79EFBC}") = "Project.V10.Test", "Project.V10.Test\Project.V10.Test.csproj", "{47C8C9B4-01F8-4AC8-8399-38215BB633CE}"
EndProject
Global
	GlobalSection(SolutionConfigurationPlatforms) = preSolution
		Debug|Any CPU = Debug|Any CPU
		Release|Any CPU = Release|Any CPU
	EndGlobalSection
	GlobalSection(ProjectConfigurationPlatforms) = postSolution
		{C3EC280E-E8B1-4A3B-A1EE-BD0EB4653B66}.Debug|Any CPU.ActiveCfg = Debug|Any CPU
		{C3EC280E-E8B1-4A3B-A1EE-BD0EB4653B66}.Debug|Any CPU.Build.0 = Debug|Any CPU
		{C3EC280E-E8B1-4A3B-A1EE-BD0EB4653B66}.Release|Any CPU.ActiveCfg = Release|Any CPU
		{C3EC280E-E8B1-4A3B-A1EE-BD0EB4653B66}.Release|Any CPU.Build.0 = Release|Any CPU
		{5484E138-6C13-4310-85BE-AA804196EB1A}.Debug|Any CPU.ActiveCfg = Debug|Any CPU
		{5484E138-6C13-4310-85BE-AA804196EB1A}.Debug|Any CPU.Build.0 = Debug|Any CPU
		{5484E138-6C13-4310-85BE-AA804196EB1A}.Release|Any CPU.ActiveCfg = Release|Any CPU
		{5484E138-6C13-4310-85BE-AA804196EB1A}.Release|Any CPU.Build.0 = Release|Any CPU
		{47C8C9B4-01F8-4AC8-8399-38215BB633CE}.Debug|Any CPU.ActiveCfg = Debug|Any CPU
		{47C8C9B4-01F8-4AC8-8399-38215BB633CE}.Debug|Any CPU.Build.0 = Debug|Any CPU
		{47C8C9B4-01F8-4AC8-8399-38215BB633CE}.Release|Any CPU.ActiveCfg = Release|Any CPU
		{47C8C9B4-01F8-4AC8-8399-38215BB633CE}.Release|Any CPU.Build.0 = Release|Any CPU
	EndGlobalSection
	GlobalSection(SolutionProperties) = preSolution
		HideSolutionNode = FALSE
	EndGlobalSection
	GlobalSection(ExtensibilityGlobals) = postSolution
		SolutionGuid = {ABB1D317-2113-47FB-86C0-9D44AC5DFF51}
	EndGlobalSection
EndGlobal
